
Microsoft Visual Studio Solution File, Format Version 12.00
# Visual Studio Version 17
VisualStudioVersion = 17.9.34701.34
MinimumVisualStudioVersion = 10.0.40219.1
Project("{9A19103F-16F7-4668-BE54-9A1E7A4F7556}") = "SimuladorPC.Domain", "SimuladorPC.Domain\SimuladorPC.Domain.csproj", "{01E5DD7D-6FB1-4BDD-9460-7F10EB03FE36}"
EndProject
Project("{9A19103F-16F7-4668-BE54-9A1E7A4F7556}") = "SimuladorPC.Api", "SimuladorPC.Api\SimuladorPC.Api.csproj", "{54A987E2-A31C-4A07-BEFE-0E26068C8D1C}"
	ProjectSection(ProjectDependencies) = postProject
		{701532A4-2213-4E0E-9EF5-2A5BFD288317} = {701532A4-2213-4E0E-9EF5-2A5BFD288317}
	EndProjectSection
EndProject
Project("{9A19103F-16F7-4668-BE54-9A1E7A4F7556}") = "SimuladorPC.Infrastructure", "SimuladorPC.Infrastructure\SimuladorPC.Infrastructure.csproj", "{D11B4448-8C3A-4003-96A2-5AB4F8E641A6}"
EndProject
Project("{9A19103F-16F7-4668-BE54-9A1E7A4F7556}") = "SimuladorPC.Application", "SimuladorPC.Application\SimuladorPC.Application.csproj", "{701532A4-2213-4E0E-9EF5-2A5BFD288317}"
EndProject
Global
	GlobalSection(SolutionConfigurationPlatforms) = preSolution
		Debug|Any CPU = Debug|Any CPU
		Release|Any CPU = Release|Any CPU
	EndGlobalSection
	GlobalSection(ProjectConfigurationPlatforms) = postSolution
		{01E5DD7D-6FB1-4BDD-9460-7F10EB03FE36}.Debug|Any CPU.ActiveCfg = Debug|Any CPU
		{01E5DD7D-6FB1-4BDD-9460-7F10EB03FE36}.Debug|Any CPU.Build.0 = Debug|Any CPU
		{01E5DD7D-6FB1-4BDD-9460-7F10EB03FE36}.Release|Any CPU.ActiveCfg = Release|Any CPU
		{01E5DD7D-6FB1-4BDD-9460-7F10EB03FE36}.Release|Any CPU.Build.0 = Release|Any CPU
		{54A987E2-A31C-4A07-BEFE-0E26068C8D1C}.Debug|Any CPU.ActiveCfg = Debug|Any CPU
		{54A987E2-A31C-4A07-BEFE-0E26068C8D1C}.Debug|Any CPU.Build.0 = Debug|Any CPU
		{54A987E2-A31C-4A07-BEFE-0E26068C8D1C}.Release|Any CPU.ActiveCfg = Release|Any CPU
		{54A987E2-A31C-4A07-BEFE-0E26068C8D1C}.Release|Any CPU.Build.0 = Release|Any CPU
		{D11B4448-8C3A-4003-96A2-5AB4F8E641A6}.Debug|Any CPU.ActiveCfg = Debug|Any CPU
		{D11B4448-8C3A-4003-96A2-5AB4F8E641A6}.Debug|Any CPU.Build.0 = Debug|Any CPU
		{D11B4448-8C3A-4003-96A2-5AB4F8E641A6}.Release|Any CPU.ActiveCfg = Release|Any CPU
		{D11B4448-8C3A-4003-96A2-5AB4F8E641A6}.Release|Any CPU.Build.0 = Release|Any CPU
		{701532A4-2213-4E0E-9EF5-2A5BFD288317}.Debug|Any CPU.ActiveCfg = Debug|Any CPU
		{701532A4-2213-4E0E-9EF5-2A5BFD288317}.Debug|Any CPU.Build.0 = Debug|Any CPU
		{701532A4-2213-4E0E-9EF5-2A5BFD288317}.Release|Any CPU.ActiveCfg = Release|Any CPU
		{701532A4-2213-4E0E-9EF5-2A5BFD288317}.Release|Any CPU.Build.0 = Release|Any CPU
	EndGlobalSection
	GlobalSection(SolutionProperties) = preSolution
		HideSolutionNode = FALSE
	EndGlobalSection
	GlobalSection(ExtensibilityGlobals) = postSolution
		SolutionGuid = {C72401B2-4EF7-43DF-85BF-0F434FE1648A}
	EndGlobalSection
EndGlobal
